// !$*UTF8*$!
{
	archiveVersion = 1;
	classes = {
	};
	objectVersion = 56;
	objects = {

/* Begin PBXBuildFile section */
		0BEBF86E2B47B7B000AE88AB /* AppDelegate.swift in Sources */ = {isa = PBXBuildFile; fileRef = 0BEBF86D2B47B7B000AE88AB /* AppDelegate.swift */; };
		0BEBF8702B47B7B000AE88AB /* SceneDelegate.swift in Sources */ = {isa = PBXBuildFile; fileRef = 0BEBF86F2B47B7B000AE88AB /* SceneDelegate.swift */; };
		0BEBF8722B47B7B000AE88AB /* ViewController.swift in Sources */ = {isa = PBXBuildFile; fileRef = 0BEBF8712B47B7B000AE88AB /* ViewController.swift */; };
		0BEBF8752B47B7B000AE88AB /* Main.storyboard in Resources */ = {isa = PBXBuildFile; fileRef = 0BEBF8732B47B7B000AE88AB /* Main.storyboard */; };
		0BEBF8772B47B7B100AE88AB /* Assets.xcassets in Resources */ = {isa = PBXBuildFile; fileRef = 0BEBF8762B47B7B100AE88AB /* Assets.xcassets */; };
		0BEBF87A2B47B7B100AE88AB /* LaunchScreen.storyboard in Resources */ = {isa = PBXBuildFile; fileRef = 0BEBF8782B47B7B100AE88AB /* LaunchScreen.storyboard */; };
		0BEBF8842B47CA8500AE88AB /* TestTableTableViewController.swift in Sources */ = {isa = PBXBuildFile; fileRef = 0BEBF8832B47CA8500AE88AB /* TestTableTableViewController.swift */; };
		0BEBF8862B47CD2C00AE88AB /* TableCellViewControllerTableViewCell.swift in Sources */ = {isa = PBXBuildFile; fileRef = 0BEBF8852B47CD2C00AE88AB /* TableCellViewControllerTableViewCell.swift */; };
		0BEBF8882B47CE4A00AE88AB /* TodoTableTableViewController.swift in Sources */ = {isa = PBXBuildFile; fileRef = 0BEBF8872B47CE4A00AE88AB /* TodoTableTableViewController.swift */; };
		0BEBF88A2B47CE6300AE88AB /* TodoTableViewCell.swift in Sources */ = {isa = PBXBuildFile; fileRef = 0BEBF8892B47CE6300AE88AB /* TodoTableViewCell.swift */; };
		0BEBF88F2B4919D600AE88AB /* Case1TableViewController.swift in Sources */ = {isa = PBXBuildFile; fileRef = 0BEBF88E2B4919D600AE88AB /* Case1TableViewController.swift */; };
		0BEBF8922B49375200AE88AB /* Case1SwiftUI.swift in Sources */ = {isa = PBXBuildFile; fileRef = 0BEBF8912B49375200AE88AB /* Case1SwiftUI.swift */; };
/* End PBXBuildFile section */

/* Begin PBXFileReference section */
		0BEBF86A2B47B7B000AE88AB /* SeSAC Week 3.app */ = {isa = PBXFileReference; explicitFileType = wrapper.application; includeInIndex = 0; path = "SeSAC Week 3.app"; sourceTree = BUILT_PRODUCTS_DIR; };
		0BEBF86D2B47B7B000AE88AB /* AppDelegate.swift */ = {isa = PBXFileReference; lastKnownFileType = sourcecode.swift; path = AppDelegate.swift; sourceTree = "<group>"; };
		0BEBF86F2B47B7B000AE88AB /* SceneDelegate.swift */ = {isa = PBXFileReference; lastKnownFileType = sourcecode.swift; path = SceneDelegate.swift; sourceTree = "<group>"; };
		0BEBF8712B47B7B000AE88AB /* ViewController.swift */ = {isa = PBXFileReference; lastKnownFileType = sourcecode.swift; path = ViewController.swift; sourceTree = "<group>"; };
		0BEBF8742B47B7B000AE88AB /* Base */ = {isa = PBXFileReference; lastKnownFileType = file.storyboard; name = Base; path = Base.lproj/Main.storyboard; sourceTree = "<group>"; };
		0BEBF8762B47B7B100AE88AB /* Assets.xcassets */ = {isa = PBXFileReference; lastKnownFileType = folder.assetcatalog; path = Assets.xcassets; sourceTree = "<group>"; };
		0BEBF8792B47B7B100AE88AB /* Base */ = {isa = PBXFileReference; lastKnownFileType = file.storyboard; name = Base; path = Base.lproj/LaunchScreen.storyboard; sourceTree = "<group>"; };
		0BEBF87B2B47B7B100AE88AB /* Info.plist */ = {isa = PBXFileReference; lastKnownFileType = text.plist.xml; path = Info.plist; sourceTree = "<group>"; };
		0BEBF8832B47CA8500AE88AB /* TestTableTableViewController.swift */ = {isa = PBXFileReference; lastKnownFileType = sourcecode.swift; path = TestTableTableViewController.swift; sourceTree = "<group>"; };
		0BEBF8852B47CD2C00AE88AB /* TableCellViewControllerTableViewCell.swift */ = {isa = PBXFileReference; lastKnownFileType = sourcecode.swift; path = TableCellViewControllerTableViewCell.swift; sourceTree = "<group>"; };
		0BEBF8872B47CE4A00AE88AB /* TodoTableTableViewController.swift */ = {isa = PBXFileReference; lastKnownFileType = sourcecode.swift; path = TodoTableTableViewController.swift; sourceTree = "<group>"; };
		0BEBF8892B47CE6300AE88AB /* TodoTableViewCell.swift */ = {isa = PBXFileReference; lastKnownFileType = sourcecode.swift; path = TodoTableViewCell.swift; sourceTree = "<group>"; };
		0BEBF88E2B4919D600AE88AB /* Case1TableViewController.swift */ = {isa = PBXFileReference; lastKnownFileType = sourcecode.swift; path = Case1TableViewController.swift; sourceTree = "<group>"; };
		0BEBF8912B49375200AE88AB /* Case1SwiftUI.swift */ = {isa = PBXFileReference; lastKnownFileType = sourcecode.swift; path = Case1SwiftUI.swift; sourceTree = "<group>"; };
/* End PBXFileReference section */

/* Begin PBXFrameworksBuildPhase section */
		0BEBF8672B47B7B000AE88AB /* Frameworks */ = {
			isa = PBXFrameworksBuildPhase;
			buildActionMask = 2147483647;
			files = (
			);
			runOnlyForDeploymentPostprocessing = 0;
		};
/* End PBXFrameworksBuildPhase section */

/* Begin PBXGroup section */
		0BEBF8612B47B7B000AE88AB = {
			isa = PBXGroup;
			children = (
				0BEBF86C2B47B7B000AE88AB /* SeSAC Week 3 */,
				0BEBF86B2B47B7B000AE88AB /* Products */,
			);
			sourceTree = "<group>";
		};
		0BEBF86B2B47B7B000AE88AB /* Products */ = {
			isa = PBXGroup;
			children = (
				0BEBF86A2B47B7B000AE88AB /* SeSAC Week 3.app */,
			);
			name = Products;
			sourceTree = "<group>";
		};
		0BEBF86C2B47B7B000AE88AB /* SeSAC Week 3 */ = {
			isa = PBXGroup;
			children = (
				0BEBF88D2B4919AE00AE88AB /* daily 9 */,
				0BEBF88B2B47CE6700AE88AB /* Todo */,
				0BEBF88C2B47CE8200AE88AB /* TestTableView */,
				0BEBF86D2B47B7B000AE88AB /* AppDelegate.swift */,
				0BEBF86F2B47B7B000AE88AB /* SceneDelegate.swift */,
				0BEBF8712B47B7B000AE88AB /* ViewController.swift */,
				0BEBF8732B47B7B000AE88AB /* Main.storyboard */,
				0BEBF8762B47B7B100AE88AB /* Assets.xcassets */,
				0BEBF8782B47B7B100AE88AB /* LaunchScreen.storyboard */,
				0BEBF87B2B47B7B100AE88AB /* Info.plist */,
			);
			path = "SeSAC Week 3";
			sourceTree = "<group>";
		};
		0BEBF88B2B47CE6700AE88AB /* Todo */ = {
			isa = PBXGroup;
			children = (
				0BEBF8892B47CE6300AE88AB /* TodoTableViewCell.swift */,
				0BEBF8872B47CE4A00AE88AB /* TodoTableTableViewController.swift */,
			);
			path = Todo;
			sourceTree = "<group>";
		};
		0BEBF88C2B47CE8200AE88AB /* TestTableView */ = {
			isa = PBXGroup;
			children = (
				0BEBF8852B47CD2C00AE88AB /* TableCellViewControllerTableViewCell.swift */,
				0BEBF8832B47CA8500AE88AB /* TestTableTableViewController.swift */,
			);
			path = TestTableView;
			sourceTree = "<group>";
		};
		0BEBF88D2B4919AE00AE88AB /* daily 9 */ = {
			isa = PBXGroup;
			children = (
				0BEBF8932B493D2100AE88AB /* Case2 */,
				0BEBF8902B49373E00AE88AB /* Case1 */,
			);
			path = "daily 9";
			sourceTree = "<group>";
		};
		0BEBF8902B49373E00AE88AB /* Case1 */ = {
			isa = PBXGroup;
			children = (
				0BEBF88E2B4919D600AE88AB /* Case1TableViewController.swift */,
				0BEBF8912B49375200AE88AB /* Case1SwiftUI.swift */,
			);
			path = Case1;
			sourceTree = "<group>";
		};
		0BEBF8932B493D2100AE88AB /* Case2 */ = {
			isa = PBXGroup;
			children = (
			);
			path = Case2;
			sourceTree = "<group>";
		};
/* End PBXGroup section */

/* Begin PBXNativeTarget section */
		0BEBF8692B47B7B000AE88AB /* SeSAC Week 3 */ = {
			isa = PBXNativeTarget;
			buildConfigurationList = 0BEBF87E2B47B7B100AE88AB /* Build configuration list for PBXNativeTarget "SeSAC Week 3" */;
			buildPhases = (
				0BEBF8662B47B7B000AE88AB /* Sources */,
				0BEBF8672B47B7B000AE88AB /* Frameworks */,
				0BEBF8682B47B7B000AE88AB /* Resources */,
			);
			buildRules = (
			);
			dependencies = (
			);
			name = "SeSAC Week 3";
			productName = "SeSAC Week 3";
			productReference = 0BEBF86A2B47B7B000AE88AB /* SeSAC Week 3.app */;
			productType = "com.apple.product-type.application";
		};
/* End PBXNativeTarget section */

/* Begin PBXProject section */
		0BEBF8622B47B7B000AE88AB /* Project object */ = {
			isa = PBXProject;
			attributes = {
				BuildIndependentTargetsInParallel = 1;
				LastSwiftUpdateCheck = 1510;
				LastUpgradeCheck = 1510;
				TargetAttributes = {
					0BEBF8692B47B7B000AE88AB = {
						CreatedOnToolsVersion = 15.1;
					};
				};
			};
			buildConfigurationList = 0BEBF8652B47B7B000AE88AB /* Build configuration list for PBXProject "SeSAC Week 3" */;
			compatibilityVersion = "Xcode 14.0";
			developmentRegion = en;
			hasScannedForEncodings = 0;
			knownRegions = (
				en,
				Base,
			);
			mainGroup = 0BEBF8612B47B7B000AE88AB;
			productRefGroup = 0BEBF86B2B47B7B000AE88AB /* Products */;
			projectDirPath = "";
			projectRoot = "";
			targets = (
				0BEBF8692B47B7B000AE88AB /* SeSAC Week 3 */,
			);
		};
/* End PBXProject section */

/* Begin PBXResourcesBuildPhase section */
		0BEBF8682B47B7B000AE88AB /* Resources */ = {
			isa = PBXResourcesBuildPhase;
			buildActionMask = 2147483647;
			files = (
				0BEBF87A2B47B7B100AE88AB /* LaunchScreen.storyboard in Resources */,
				0BEBF8772B47B7B100AE88AB /* Assets.xcassets in Resources */,
				0BEBF8752B47B7B000AE88AB /* Main.storyboard in Resources */,
			);
			runOnlyForDeploymentPostprocessing = 0;
		};
/* End PBXResourcesBuildPhase section */

/* Begin PBXSourcesBuildPhase section */
		0BEBF8662B47B7B000AE88AB /* Sources */ = {
			isa = PBXSourcesBuildPhase;
			buildActionMask = 2147483647;
			files = (
				0BEBF88A2B47CE6300AE88AB /* TodoTableViewCell.swift in Sources */,
				0BEBF8882B47CE4A00AE88AB /* TodoTableTableViewController.swift in Sources */,
				0BEBF8842B47CA8500AE88AB /* TestTableTableViewController.swift in Sources */,
				0BEBF8722B47B7B000AE88AB /* ViewController.swift in Sources */,
				0BEBF8862B47CD2C00AE88AB /* TableCellViewControllerTableViewCell.swift in Sources */,
				0BEBF88F2B4919D600AE88AB /* Case1TableViewController.swift in Sources */,
				0BEBF86E2B47B7B000AE88AB /* AppDelegate.swift in Sources */,
				0BEBF8702B47B7B000AE88AB /* SceneDelegate.swift in Sources */,
				0BEBF8922B49375200AE88AB /* Case1SwiftUI.swift in Sources */,
			);
			runOnlyForDeploymentPostprocessing = 0;
		};
/* End PBXSourcesBuildPhase section */

/* Begin PBXVariantGroup section */
		0BEBF8732B47B7B000AE88AB /* Main.storyboard */ = {
			isa = PBXVariantGroup;
			children = (
				0BEBF8742B47B7B000AE88AB /* Base */,
			);
			name = Main.storyboard;
			sourceTree = "<group>";
		};
		0BEBF8782B47B7B100AE88AB /* LaunchScreen.storyboard */ = {
			isa = PBXVariantGroup;
			children = (
				0BEBF8792B47B7B100AE88AB /* Base */,
			);
			name = LaunchScreen.storyboard;
			sourceTree = "<group>";
		};
/* End PBXVariantGroup section */

/* Begin XCBuildConfiguration section */
		0BEBF87C2B47B7B100AE88AB /* Debug */ = {
			isa = XCBuildConfiguration;
			buildSettings = {
				ALWAYS_SEARCH_USER_PATHS = NO;
				ASSETCATALOG_COMPILER_GENERATE_SWIFT_ASSET_SYMBOL_EXTENSIONS = YES;
				CLANG_ANALYZER_NONNULL = YES;
				CLANG_ANALYZER_NUMBER_OBJECT_CONVERSION = YES_AGGRESSIVE;
				CLANG_CXX_LANGUAGE_STANDARD = "gnu++20";
				CLANG_ENABLE_MODULES = YES;
				CLANG_ENABLE_OBJC_ARC = YES;
				CLANG_ENABLE_OBJC_WEAK = YES;
				CLANG_WARN_BLOCK_CAPTURE_AUTORELEASING = YES;
				CLANG_WARN_BOOL_CONVERSION = YES;
				CLANG_WARN_COMMA = YES;
				CLANG_WARN_CONSTANT_CONVERSION = YES;
				CLANG_WARN_DEPRECATED_OBJC_IMPLEMENTATIONS = YES;
				CLANG_WARN_DIRECT_OBJC_ISA_USAGE = YES_ERROR;
				CLANG_WARN_DOCUMENTATION_COMMENTS = YES;
				CLANG_WARN_EMPTY_BODY = YES;
				CLANG_WARN_ENUM_CONVERSION = YES;
				CLANG_WARN_INFINITE_RECURSION = YES;
				CLANG_WARN_INT_CONVERSION = YES;
				CLANG_WARN_NON_LITERAL_NULL_CONVERSION = YES;
				CLANG_WARN_OBJC_IMPLICIT_RETAIN_SELF = YES;
				CLANG_WARN_OBJC_LITERAL_CONVERSION = YES;
				CLANG_WARN_OBJC_ROOT_CLASS = YES_ERROR;
				CLANG_WARN_QUOTED_INCLUDE_IN_FRAMEWORK_HEADER = YES;
				CLANG_WARN_RANGE_LOOP_ANALYSIS = YES;
				CLANG_WARN_STRICT_PROTOTYPES = YES;
				CLANG_WARN_SUSPICIOUS_MOVE = YES;
				CLANG_WARN_UNGUARDED_AVAILABILITY = YES_AGGRESSIVE;
				CLANG_WARN_UNREACHABLE_CODE = YES;
				CLANG_WARN__DUPLICATE_METHOD_MATCH = YES;
				COPY_PHASE_STRIP = NO;
				DEBUG_INFORMATION_FORMAT = dwarf;
				ENABLE_STRICT_OBJC_MSGSEND = YES;
				ENABLE_TESTABILITY = YES;
				ENABLE_USER_SCRIPT_SANDBOXING = YES;
				GCC_C_LANGUAGE_STANDARD = gnu17;
				GCC_DYNAMIC_NO_PIC = NO;
				GCC_NO_COMMON_BLOCKS = YES;
				GCC_OPTIMIZATION_LEVEL = 0;
				GCC_PREPROCESSOR_DEFINITIONS = (
					"DEBUG=1",
					"$(inherited)",
				);
				GCC_WARN_64_TO_32_BIT_CONVERSION = YES;
				GCC_WARN_ABOUT_RETURN_TYPE = YES_ERROR;
				GCC_WARN_UNDECLARED_SELECTOR = YES;
				GCC_WARN_UNINITIALIZED_AUTOS = YES_AGGRESSIVE;
				GCC_WARN_UNUSED_FUNCTION = YES;
				GCC_WARN_UNUSED_VARIABLE = YES;
				IPHONEOS_DEPLOYMENT_TARGET = 17.2;
				LOCALIZATION_PREFERS_STRING_CATALOGS = YES;
				MTL_ENABLE_DEBUG_INFO = INCLUDE_SOURCE;
				MTL_FAST_MATH = YES;
				ONLY_ACTIVE_ARCH = YES;
				SDKROOT = iphoneos;
				SWIFT_ACTIVE_COMPILATION_CONDITIONS = "DEBUG $(inherited)";
				SWIFT_OPTIMIZATION_LEVEL = "-Onone";
			};
			name = Debug;
		};
		0BEBF87D2B47B7B100AE88AB /* Release */ = {
			isa = XCBuildConfiguration;
			buildSettings = {
				ALWAYS_SEARCH_USER_PATHS = NO;
				ASSETCATALOG_COMPILER_GENERATE_SWIFT_ASSET_SYMBOL_EXTENSIONS = YES;
				CLANG_ANALYZER_NONNULL = YES;
				CLANG_ANALYZER_NUMBER_OBJECT_CONVERSION = YES_AGGRESSIVE;
				CLANG_CXX_LANGUAGE_STANDARD = "gnu++20";
				CLANG_ENABLE_MODULES = YES;
				CLANG_ENABLE_OBJC_ARC = YES;
				CLANG_ENABLE_OBJC_WEAK = YES;
				CLANG_WARN_BLOCK_CAPTURE_AUTORELEASING = YES;
				CLANG_WARN_BOOL_CONVERSION = YES;
				CLANG_WARN_COMMA = YES;
				CLANG_WARN_CONSTANT_CONVERSION = YES;
				CLANG_WARN_DEPRECATED_OBJC_IMPLEMENTATIONS = YES;
				CLANG_WARN_DIRECT_OBJC_ISA_USAGE = YES_ERROR;
				CLANG_WARN_DOCUMENTATION_COMMENTS = YES;
				CLANG_WARN_EMPTY_BODY = YES;
				CLANG_WARN_ENUM_CONVERSION = YES;
				CLANG_WARN_INFINITE_RECURSION = YES;
				CLANG_WARN_INT_CONVERSION = YES;
				CLANG_WARN_NON_LITERAL_NULL_CONVERSION = YES;
				CLANG_WARN_OBJC_IMPLICIT_RETAIN_SELF = YES;
				CLANG_WARN_OBJC_LITERAL_CONVERSION = YES;
				CLANG_WARN_OBJC_ROOT_CLASS = YES_ERROR;
				CLANG_WARN_QUOTED_INCLUDE_IN_FRAMEWORK_HEADER = YES;
				CLANG_WARN_RANGE_LOOP_ANALYSIS = YES;
				CLANG_WARN_STRICT_PROTOTYPES = YES;
				CLANG_WARN_SUSPICIOUS_MOVE = YES;
				CLANG_WARN_UNGUARDED_AVAILABILITY = YES_AGGRESSIVE;
				CLANG_WARN_UNREACHABLE_CODE = YES;
				CLANG_WARN__DUPLICATE_METHOD_MATCH = YES;
				COPY_PHASE_STRIP = NO;
				DEBUG_INFORMATION_FORMAT = "dwarf-with-dsym";
				ENABLE_NS_ASSERTIONS = NO;
				ENABLE_STRICT_OBJC_MSGSEND = YES;
				ENABLE_USER_SCRIPT_SANDBOXING = YES;
				GCC_C_LANGUAGE_STANDARD = gnu17;
				GCC_NO_COMMON_BLOCKS = YES;
				GCC_WARN_64_TO_32_BIT_CONVERSION = YES;
				GCC_WARN_ABOUT_RETURN_TYPE = YES_ERROR;
				GCC_WARN_UNDECLARED_SELECTOR = YES;
				GCC_WARN_UNINITIALIZED_AUTOS = YES_AGGRESSIVE;
				GCC_WARN_UNUSED_FUNCTION = YES;
				GCC_WARN_UNUSED_VARIABLE = YES;
				IPHONEOS_DEPLOYMENT_TARGET = 17.2;
				LOCALIZATION_PREFERS_STRING_CATALOGS = YES;
				MTL_ENABLE_DEBUG_INFO = NO;
				MTL_FAST_MATH = YES;
				SDKROOT = iphoneos;
				SWIFT_COMPILATION_MODE = wholemodule;
				VALIDATE_PRODUCT = YES;
			};
			name = Release;
		};
		0BEBF87F2B47B7B100AE88AB /* Debug */ = {
			isa = XCBuildConfiguration;
			buildSettings = {
				ASSETCATALOG_COMPILER_APPICON_NAME = AppIcon;
				ASSETCATALOG_COMPILER_GLOBAL_ACCENT_COLOR_NAME = AccentColor;
				CODE_SIGN_STYLE = Automatic;
				CURRENT_PROJECT_VERSION = 1;
				DEVELOPMENT_TEAM = Y7F2ZW9QG3;
				GENERATE_INFOPLIST_FILE = YES;
				INFOPLIST_FILE = "SeSAC Week 3/Info.plist";
				INFOPLIST_KEY_UIApplicationSupportsIndirectInputEvents = YES;
				INFOPLIST_KEY_UILaunchStoryboardName = LaunchScreen;
				INFOPLIST_KEY_UIMainStoryboardFile = Main;
				INFOPLIST_KEY_UISupportedInterfaceOrientations_iPad = "UIInterfaceOrientationPortrait UIInterfaceOrientationPortraitUpsideDown UIInterfaceOrientationLandscapeLeft UIInterfaceOrientationLandscapeRight";
				INFOPLIST_KEY_UISupportedInterfaceOrientations_iPhone = "UIInterfaceOrientationPortrait UIInterfaceOrientationLandscapeLeft UIInterfaceOrientationLandscapeRight";
				IPHONEOS_DEPLOYMENT_TARGET = 17.0;
				LD_RUNPATH_SEARCH_PATHS = (
					"$(inherited)",
					"@executable_path/Frameworks",
				);
				MARKETING_VERSION = 1.0;
				PRODUCT_BUNDLE_IDENTIFIER = "Yoo.SeSAC-Week-3";
				PRODUCT_NAME = "$(TARGET_NAME)";
				SWIFT_EMIT_LOC_STRINGS = YES;
				SWIFT_VERSION = 5.0;
				TARGETED_DEVICE_FAMILY = "1,2";
			};
			name = Debug;
		};
		0BEBF8802B47B7B100AE88AB /* Release */ = {
			isa = XCBuildConfiguration;
			buildSettings = {
				ASSETCATALOG_COMPILER_APPICON_NAME = AppIcon;
				ASSETCATALOG_COMPILER_GLOBAL_ACCENT_COLOR_NAME = AccentColor;
				CODE_SIGN_STYLE = Automatic;
				CURRENT_PROJECT_VERSION = 1;
				DEVELOPMENT_TEAM = Y7F2ZW9QG3;
				GENERATE_INFOPLIST_FILE = YES;
				INFOPLIST_FILE = "SeSAC Week 3/Info.plist";
				INFOPLIST_KEY_UIApplicationSupportsIndirectInputEvents = YES;
				INFOPLIST_KEY_UILaunchStoryboardName = LaunchScreen;
				INFOPLIST_KEY_UIMainStoryboardFile = Main;
				INFOPLIST_KEY_UISupportedInterfaceOrientations_iPad = "UIInterfaceOrientationPortrait UIInterfaceOrientationPortraitUpsideDown UIInterfaceOrientationLandscapeLeft UIInterfaceOrientationLandscapeRight";
				INFOPLIST_KEY_UISupportedInterfaceOrientations_iPhone = "UIInterfaceOrientationPortrait UIInterfaceOrientationLandscapeLeft UIInterfaceOrientationLandscapeRight";
				IPHONEOS_DEPLOYMENT_TARGET = 17.0;
				LD_RUNPATH_SEARCH_PATHS = (
					"$(inherited)",
					"@executable_path/Frameworks",
				);
				MARKETING_VERSION = 1.0;
				PRODUCT_BUNDLE_IDENTIFIER = "Yoo.SeSAC-Week-3";
				PRODUCT_NAME = "$(TARGET_NAME)";
				SWIFT_EMIT_LOC_STRINGS = YES;
				SWIFT_VERSION = 5.0;
				TARGETED_DEVICE_FAMILY = "1,2";
			};
			name = Release;
		};
/* End XCBuildConfiguration section */

/* Begin XCConfigurationList section */
		0BEBF8652B47B7B000AE88AB /* Build configuration list for PBXProject "SeSAC Week 3" */ = {
			isa = XCConfigurationList;
			buildConfigurations = (
				0BEBF87C2B47B7B100AE88AB /* Debug */,
				0BEBF87D2B47B7B100AE88AB /* Release */,
			);
			defaultConfigurationIsVisible = 0;
			defaultConfigurationName = Release;
		};
		0BEBF87E2B47B7B100AE88AB /* Build configuration list for PBXNativeTarget "SeSAC Week 3" */ = {
			isa = XCConfigurationList;
			buildConfigurations = (
				0BEBF87F2B47B7B100AE88AB /* Debug */,
				0BEBF8802B47B7B100AE88AB /* Release */,
			);
			defaultConfigurationIsVisible = 0;
			defaultConfigurationName = Release;
		};
/* End XCConfigurationList section */
	};
	rootObject = 0BEBF8622B47B7B000AE88AB /* Project object */;
}
