// !$*UTF8*$!
{
	archiveVersion = 1;
	classes = {
	};
	objectVersion = 56;
	objects = {

/* Begin PBXBuildFile section */
		0B5FF9902B55136F00A9044D /* TravelWebViewController.swift in Sources */ = {isa = PBXBuildFile; fileRef = 0B5FF98F2B55136F00A9044D /* TravelWebViewController.swift */; };
		0B5FF9922B55137B00A9044D /* TravelWebViewController.storyboard in Resources */ = {isa = PBXBuildFile; fileRef = 0B5FF9912B55137B00A9044D /* TravelWebViewController.storyboard */; };
		0B5FF9962B55141400A9044D /* UIViewController+Extension.swift in Sources */ = {isa = PBXBuildFile; fileRef = 0B5FF9952B55141400A9044D /* UIViewController+Extension.swift */; };
		0B8CF8D52B4BD22800460ED6 /* Kingfisher in Frameworks */ = {isa = PBXBuildFile; productRef = 0B8CF8D42B4BD22800460ED6 /* Kingfisher */; };
		0B8CF8D92B4C0D5700460ED6 /* TravelTableViewController.swift in Sources */ = {isa = PBXBuildFile; fileRef = 0B8CF8D82B4C0D5700460ED6 /* TravelTableViewController.swift */; };
		0B8CF8DB2B4C0D9E00460ED6 /* MagazineInfo.swift in Sources */ = {isa = PBXBuildFile; fileRef = 0B8CF8DA2B4C0D9E00460ED6 /* MagazineInfo.swift */; };
		0B8CF8DE2B4C0F0C00460ED6 /* TravelTableViewCell.swift in Sources */ = {isa = PBXBuildFile; fileRef = 0B8CF8DD2B4C0F0C00460ED6 /* TravelTableViewCell.swift */; };
		0B8CF8E02B4C17B200460ED6 /* TravelSwiftUI.swift in Sources */ = {isa = PBXBuildFile; fileRef = 0B8CF8DF2B4C17B200460ED6 /* TravelSwiftUI.swift */; };
		0B8CF8E52B4CDADF00460ED6 /* SettingTableViewController.swift in Sources */ = {isa = PBXBuildFile; fileRef = 0B8CF8E32B4CDADF00460ED6 /* SettingTableViewController.swift */; };
		0B8CF8E92B4CDB4500460ED6 /* SettingTableViewCell.swift in Sources */ = {isa = PBXBuildFile; fileRef = 0B8CF8E72B4CDB4500460ED6 /* SettingTableViewCell.swift */; };
		0B8CF8EA2B4CDB4500460ED6 /* SettingTableViewCell.xib in Resources */ = {isa = PBXBuildFile; fileRef = 0B8CF8E82B4CDB4500460ED6 /* SettingTableViewCell.xib */; };
		0B8CF8F32B4D0CDC00460ED6 /* P1CollectionViewController.swift in Sources */ = {isa = PBXBuildFile; fileRef = 0B8CF8F22B4D0CDC00460ED6 /* P1CollectionViewController.swift */; };
		0B8CF8F82B4D101D00460ED6 /* P1CollectionViewCell.swift in Sources */ = {isa = PBXBuildFile; fileRef = 0B8CF8F62B4D101D00460ED6 /* P1CollectionViewCell.swift */; };
		0B8CF8F92B4D101D00460ED6 /* P1CollectionViewCell.xib in Resources */ = {isa = PBXBuildFile; fileRef = 0B8CF8F72B4D101D00460ED6 /* P1CollectionViewCell.xib */; };
		0B8CF9002B4D68E000460ED6 /* CityInfo.swift in Sources */ = {isa = PBXBuildFile; fileRef = 0B8CF8FF2B4D68E000460ED6 /* CityInfo.swift */; };
		0B8CF9022B4D695B00460ED6 /* Daily11P1CollectionViewController.swift in Sources */ = {isa = PBXBuildFile; fileRef = 0B8CF9012B4D695B00460ED6 /* Daily11P1CollectionViewController.swift */; };
		0B8CF9042B4D6A7D00460ED6 /* Daily11P1CollectionViewCell.swift in Sources */ = {isa = PBXBuildFile; fileRef = 0B8CF9032B4D6A7D00460ED6 /* Daily11P1CollectionViewCell.swift */; };
		0B8CF9062B4D71AE00460ED6 /* Daily11P2CollectionViewController.swift in Sources */ = {isa = PBXBuildFile; fileRef = 0B8CF9052B4D71AE00460ED6 /* Daily11P2CollectionViewController.swift */; };
		0B8CF9092B4D722600460ED6 /* DailyP2CollectionViewCell.swift in Sources */ = {isa = PBXBuildFile; fileRef = 0B8CF9072B4D722600460ED6 /* DailyP2CollectionViewCell.swift */; };
		0B8CF90A2B4D722600460ED6 /* DailyP2CollectionViewCell.xib in Resources */ = {isa = PBXBuildFile; fileRef = 0B8CF9082B4D722600460ED6 /* DailyP2CollectionViewCell.xib */; };
		0B8CF90C2B4D7BBD00460ED6 /* Daily11P3ViewController.swift in Sources */ = {isa = PBXBuildFile; fileRef = 0B8CF90B2B4D7BBD00460ED6 /* Daily11P3ViewController.swift */; };
		0B8CF90E2B4D857200460ED6 /* Daily11SwiftUI.swift in Sources */ = {isa = PBXBuildFile; fileRef = 0B8CF90D2B4D857200460ED6 /* Daily11SwiftUI.swift */; };
		0B8CF9102B4E20C800460ED6 /* Food.storyboard in Resources */ = {isa = PBXBuildFile; fileRef = 0B8CF90F2B4E20C800460ED6 /* Food.storyboard */; };
		0B8CF9122B4E219100460ED6 /* Setting.storyboard in Resources */ = {isa = PBXBuildFile; fileRef = 0B8CF9112B4E219100460ED6 /* Setting.storyboard */; };
		0B8CF9152B4E28EC00460ED6 /* UIViewController+Exteionsion.swift in Sources */ = {isa = PBXBuildFile; fileRef = 0B8CF9142B4E28EC00460ED6 /* UIViewController+Exteionsion.swift */; };
		0B8CF9172B4E290900460ED6 /* UILabel+Extension.swift in Sources */ = {isa = PBXBuildFile; fileRef = 0B8CF9162B4E290900460ED6 /* UILabel+Extension.swift */; };
		0B8CF9192B4E292D00460ED6 /* UIImageView+Extension.swift in Sources */ = {isa = PBXBuildFile; fileRef = 0B8CF9182B4E292D00460ED6 /* UIImageView+Extension.swift */; };
		0B8CF91C2B4E5F4900460ED6 /* Protocol.storyboard in Resources */ = {isa = PBXBuildFile; fileRef = 0B8CF91B2B4E5F4900460ED6 /* Protocol.storyboard */; };
		0B8CF91E2B4E607A00460ED6 /* TranslateViewController.swift in Sources */ = {isa = PBXBuildFile; fileRef = 0B8CF91D2B4E607A00460ED6 /* TranslateViewController.swift */; };
		0B8CF9202B4E68E600460ED6 /* ProtocolExample.swift in Sources */ = {isa = PBXBuildFile; fileRef = 0B8CF91F2B4E68E600460ED6 /* ProtocolExample.swift */; };
		0B8CF9222B4E69F900460ED6 /* LottoViewController.swift in Sources */ = {isa = PBXBuildFile; fileRef = 0B8CF9212B4E69F900460ED6 /* LottoViewController.swift */; };
		0B8CF96C2B4FE94600460ED6 /* TravelModel.swift in Sources */ = {isa = PBXBuildFile; fileRef = 0B8CF96B2B4FE94600460ED6 /* TravelModel.swift */; };
		0BEBF86E2B47B7B000AE88AB /* AppDelegate.swift in Sources */ = {isa = PBXBuildFile; fileRef = 0BEBF86D2B47B7B000AE88AB /* AppDelegate.swift */; };
		0BEBF8702B47B7B000AE88AB /* SceneDelegate.swift in Sources */ = {isa = PBXBuildFile; fileRef = 0BEBF86F2B47B7B000AE88AB /* SceneDelegate.swift */; };
		0BEBF8722B47B7B000AE88AB /* ViewController.swift in Sources */ = {isa = PBXBuildFile; fileRef = 0BEBF8712B47B7B000AE88AB /* ViewController.swift */; };
		0BEBF8752B47B7B000AE88AB /* Main.storyboard in Resources */ = {isa = PBXBuildFile; fileRef = 0BEBF8732B47B7B000AE88AB /* Main.storyboard */; };
		0BEBF8772B47B7B100AE88AB /* Assets.xcassets in Resources */ = {isa = PBXBuildFile; fileRef = 0BEBF8762B47B7B100AE88AB /* Assets.xcassets */; };
		0BEBF87A2B47B7B100AE88AB /* LaunchScreen.storyboard in Resources */ = {isa = PBXBuildFile; fileRef = 0BEBF8782B47B7B100AE88AB /* LaunchScreen.storyboard */; };
		0BEBF8842B47CA8500AE88AB /* TestTableTableViewController.swift in Sources */ = {isa = PBXBuildFile; fileRef = 0BEBF8832B47CA8500AE88AB /* TestTableTableViewController.swift */; };
		0BEBF8862B47CD2C00AE88AB /* TableCellViewControllerTableViewCell.swift in Sources */ = {isa = PBXBuildFile; fileRef = 0BEBF8852B47CD2C00AE88AB /* TableCellViewControllerTableViewCell.swift */; };
		0BEBF8882B47CE4A00AE88AB /* TodoTableTableViewController.swift in Sources */ = {isa = PBXBuildFile; fileRef = 0BEBF8872B47CE4A00AE88AB /* TodoTableTableViewController.swift */; };
		0BEBF88A2B47CE6300AE88AB /* TodoTableViewCell.swift in Sources */ = {isa = PBXBuildFile; fileRef = 0BEBF8892B47CE6300AE88AB /* TodoTableViewCell.swift */; };
		0BEBF88F2B4919D600AE88AB /* Case1TableViewController.swift in Sources */ = {isa = PBXBuildFile; fileRef = 0BEBF88E2B4919D600AE88AB /* Case1TableViewController.swift */; };
		0BEBF8922B49375200AE88AB /* Case1SwiftUI.swift in Sources */ = {isa = PBXBuildFile; fileRef = 0BEBF8912B49375200AE88AB /* Case1SwiftUI.swift */; };
		0BEBF8952B493DF700AE88AB /* Case2TableViewController.swift in Sources */ = {isa = PBXBuildFile; fileRef = 0BEBF8942B493DF700AE88AB /* Case2TableViewController.swift */; };
		0BEBF8972B493E7700AE88AB /* Case2TableViewCell.swift in Sources */ = {isa = PBXBuildFile; fileRef = 0BEBF8962B493E7700AE88AB /* Case2TableViewCell.swift */; };
		0BEBF89A2B4AB4F900AE88AB /* Case3TableViewController.swift in Sources */ = {isa = PBXBuildFile; fileRef = 0BEBF8992B4AB4F800AE88AB /* Case3TableViewController.swift */; };
		0BEBF89C2B4AC2CA00AE88AB /* Case3TableViewCell.swift in Sources */ = {isa = PBXBuildFile; fileRef = 0BEBF89B2B4AC2CA00AE88AB /* Case3TableViewCell.swift */; };
		0BEBF89E2B4ACC8000AE88AB /* Case3SwiftUI.swift in Sources */ = {isa = PBXBuildFile; fileRef = 0BEBF89D2B4ACC8000AE88AB /* Case3SwiftUI.swift */; };
		0BEBF8A02B4AD24400AE88AB /* Case2SwiftUI.swift in Sources */ = {isa = PBXBuildFile; fileRef = 0BEBF89F2B4AD24400AE88AB /* Case2SwiftUI.swift */; };
		0BEBF8A82B4AD6A500AE88AB /* P1TableViewController.swift in Sources */ = {isa = PBXBuildFile; fileRef = 0BEBF8A72B4AD6A500AE88AB /* P1TableViewController.swift */; };
		0BEBF8AA2B4AD79F00AE88AB /* P1TableViewCell.swift in Sources */ = {isa = PBXBuildFile; fileRef = 0BEBF8A92B4AD79F00AE88AB /* P1TableViewCell.swift */; };
		0BEBF8AC2B4AD8D500AE88AB /* P2TableViewCell.swift in Sources */ = {isa = PBXBuildFile; fileRef = 0BEBF8AB2B4AD8D500AE88AB /* P2TableViewCell.swift */; };
		0BEBF8AE2B4AD8E200AE88AB /* P2TableViewController.swift in Sources */ = {isa = PBXBuildFile; fileRef = 0BEBF8AD2B4AD8E200AE88AB /* P2TableViewController.swift */; };
		0BEBF8B02B4ADA5500AE88AB /* P3TableViewController.swift in Sources */ = {isa = PBXBuildFile; fileRef = 0BEBF8AF2B4ADA5500AE88AB /* P3TableViewController.swift */; };
		0BEBF8B22B4ADA5E00AE88AB /* P3TableViewCell.swift in Sources */ = {isa = PBXBuildFile; fileRef = 0BEBF8B12B4ADA5E00AE88AB /* P3TableViewCell.swift */; };
		0BF34FF52B500BDD00C131FA /* DetailView.storyboard in Resources */ = {isa = PBXBuildFile; fileRef = 0BF34FF42B500BDD00C131FA /* DetailView.storyboard */; };
		0BF34FF72B500BF700C131FA /* DetailViewController.swift in Sources */ = {isa = PBXBuildFile; fileRef = 0BF34FF62B500BF700C131FA /* DetailViewController.swift */; };
		0BF34FFD2B500DE100C131FA /* DetailTableViewCell.swift in Sources */ = {isa = PBXBuildFile; fileRef = 0BF34FFB2B500DE100C131FA /* DetailTableViewCell.swift */; };
		0BF34FFE2B500DE100C131FA /* DetailTableViewCell.xib in Resources */ = {isa = PBXBuildFile; fileRef = 0BF34FFC2B500DE100C131FA /* DetailTableViewCell.xib */; };
		0BF350012B50114000C131FA /* AdsTableViewCell.swift in Sources */ = {isa = PBXBuildFile; fileRef = 0BF34FFF2B50114000C131FA /* AdsTableViewCell.swift */; };
		0BF350022B50114000C131FA /* AdsTableViewCell.xib in Resources */ = {isa = PBXBuildFile; fileRef = 0BF350002B50114000C131FA /* AdsTableViewCell.xib */; };
		0BF350052B50381F00C131FA /* AdsSelectViewController.swift in Sources */ = {isa = PBXBuildFile; fileRef = 0BF350042B50381F00C131FA /* AdsSelectViewController.swift */; };
		0BF350072B50382800C131FA /* DetailSelectViewController.swift in Sources */ = {isa = PBXBuildFile; fileRef = 0BF350062B50382800C131FA /* DetailSelectViewController.swift */; };
/* End PBXBuildFile section */

/* Begin PBXFileReference section */
		0B5FF98F2B55136F00A9044D /* TravelWebViewController.swift */ = {isa = PBXFileReference; lastKnownFileType = sourcecode.swift; path = TravelWebViewController.swift; sourceTree = "<group>"; };
		0B5FF9912B55137B00A9044D /* TravelWebViewController.storyboard */ = {isa = PBXFileReference; lastKnownFileType = file.storyboard; path = TravelWebViewController.storyboard; sourceTree = "<group>"; };
		0B5FF9952B55141400A9044D /* UIViewController+Extension.swift */ = {isa = PBXFileReference; lastKnownFileType = sourcecode.swift; path = "UIViewController+Extension.swift"; sourceTree = "<group>"; };
		0B8CF8D82B4C0D5700460ED6 /* TravelTableViewController.swift */ = {isa = PBXFileReference; lastKnownFileType = sourcecode.swift; path = TravelTableViewController.swift; sourceTree = "<group>"; };
		0B8CF8DA2B4C0D9E00460ED6 /* MagazineInfo.swift */ = {isa = PBXFileReference; fileEncoding = 4; lastKnownFileType = sourcecode.swift; path = MagazineInfo.swift; sourceTree = "<group>"; };
		0B8CF8DD2B4C0F0C00460ED6 /* TravelTableViewCell.swift */ = {isa = PBXFileReference; lastKnownFileType = sourcecode.swift; path = TravelTableViewCell.swift; sourceTree = "<group>"; };
		0B8CF8DF2B4C17B200460ED6 /* TravelSwiftUI.swift */ = {isa = PBXFileReference; lastKnownFileType = sourcecode.swift; path = TravelSwiftUI.swift; sourceTree = "<group>"; };
		0B8CF8E32B4CDADF00460ED6 /* SettingTableViewController.swift */ = {isa = PBXFileReference; lastKnownFileType = sourcecode.swift; path = SettingTableViewController.swift; sourceTree = "<group>"; };
		0B8CF8E72B4CDB4500460ED6 /* SettingTableViewCell.swift */ = {isa = PBXFileReference; lastKnownFileType = sourcecode.swift; path = SettingTableViewCell.swift; sourceTree = "<group>"; };
		0B8CF8E82B4CDB4500460ED6 /* SettingTableViewCell.xib */ = {isa = PBXFileReference; lastKnownFileType = file.xib; path = SettingTableViewCell.xib; sourceTree = "<group>"; };
		0B8CF8F22B4D0CDC00460ED6 /* P1CollectionViewController.swift */ = {isa = PBXFileReference; lastKnownFileType = sourcecode.swift; path = P1CollectionViewController.swift; sourceTree = "<group>"; };
		0B8CF8F62B4D101D00460ED6 /* P1CollectionViewCell.swift */ = {isa = PBXFileReference; lastKnownFileType = sourcecode.swift; path = P1CollectionViewCell.swift; sourceTree = "<group>"; };
		0B8CF8F72B4D101D00460ED6 /* P1CollectionViewCell.xib */ = {isa = PBXFileReference; lastKnownFileType = file.xib; path = P1CollectionViewCell.xib; sourceTree = "<group>"; };
		0B8CF8FF2B4D68E000460ED6 /* CityInfo.swift */ = {isa = PBXFileReference; fileEncoding = 4; lastKnownFileType = sourcecode.swift; path = CityInfo.swift; sourceTree = "<group>"; };
		0B8CF9012B4D695B00460ED6 /* Daily11P1CollectionViewController.swift */ = {isa = PBXFileReference; lastKnownFileType = sourcecode.swift; path = Daily11P1CollectionViewController.swift; sourceTree = "<group>"; };
		0B8CF9032B4D6A7D00460ED6 /* Daily11P1CollectionViewCell.swift */ = {isa = PBXFileReference; lastKnownFileType = sourcecode.swift; path = Daily11P1CollectionViewCell.swift; sourceTree = "<group>"; };
		0B8CF9052B4D71AE00460ED6 /* Daily11P2CollectionViewController.swift */ = {isa = PBXFileReference; lastKnownFileType = sourcecode.swift; path = Daily11P2CollectionViewController.swift; sourceTree = "<group>"; };
		0B8CF9072B4D722600460ED6 /* DailyP2CollectionViewCell.swift */ = {isa = PBXFileReference; lastKnownFileType = sourcecode.swift; path = DailyP2CollectionViewCell.swift; sourceTree = "<group>"; };
		0B8CF9082B4D722600460ED6 /* DailyP2CollectionViewCell.xib */ = {isa = PBXFileReference; lastKnownFileType = file.xib; path = DailyP2CollectionViewCell.xib; sourceTree = "<group>"; };
		0B8CF90B2B4D7BBD00460ED6 /* Daily11P3ViewController.swift */ = {isa = PBXFileReference; lastKnownFileType = sourcecode.swift; path = Daily11P3ViewController.swift; sourceTree = "<group>"; };
		0B8CF90D2B4D857200460ED6 /* Daily11SwiftUI.swift */ = {isa = PBXFileReference; lastKnownFileType = sourcecode.swift; path = Daily11SwiftUI.swift; sourceTree = "<group>"; };
		0B8CF90F2B4E20C800460ED6 /* Food.storyboard */ = {isa = PBXFileReference; lastKnownFileType = file.storyboard; path = Food.storyboard; sourceTree = "<group>"; };
		0B8CF9112B4E219100460ED6 /* Setting.storyboard */ = {isa = PBXFileReference; lastKnownFileType = file.storyboard; path = Setting.storyboard; sourceTree = "<group>"; };
		0B8CF9142B4E28EC00460ED6 /* UIViewController+Exteionsion.swift */ = {isa = PBXFileReference; lastKnownFileType = sourcecode.swift; path = "UIViewController+Exteionsion.swift"; sourceTree = "<group>"; };
		0B8CF9162B4E290900460ED6 /* UILabel+Extension.swift */ = {isa = PBXFileReference; lastKnownFileType = sourcecode.swift; path = "UILabel+Extension.swift"; sourceTree = "<group>"; };
		0B8CF9182B4E292D00460ED6 /* UIImageView+Extension.swift */ = {isa = PBXFileReference; lastKnownFileType = sourcecode.swift; path = "UIImageView+Extension.swift"; sourceTree = "<group>"; };
		0B8CF91B2B4E5F4900460ED6 /* Protocol.storyboard */ = {isa = PBXFileReference; lastKnownFileType = file.storyboard; path = Protocol.storyboard; sourceTree = "<group>"; };
		0B8CF91D2B4E607A00460ED6 /* TranslateViewController.swift */ = {isa = PBXFileReference; lastKnownFileType = sourcecode.swift; path = TranslateViewController.swift; sourceTree = "<group>"; };
		0B8CF91F2B4E68E600460ED6 /* ProtocolExample.swift */ = {isa = PBXFileReference; lastKnownFileType = sourcecode.swift; path = ProtocolExample.swift; sourceTree = "<group>"; };
		0B8CF9212B4E69F900460ED6 /* LottoViewController.swift */ = {isa = PBXFileReference; lastKnownFileType = sourcecode.swift; path = LottoViewController.swift; sourceTree = "<group>"; };
		0B8CF96B2B4FE94600460ED6 /* TravelModel.swift */ = {isa = PBXFileReference; fileEncoding = 4; lastKnownFileType = sourcecode.swift; path = TravelModel.swift; sourceTree = "<group>"; };
		0BEBF86A2B47B7B000AE88AB /* SeSAC Week 3.app */ = {isa = PBXFileReference; explicitFileType = wrapper.application; includeInIndex = 0; path = "SeSAC Week 3.app"; sourceTree = BUILT_PRODUCTS_DIR; };
		0BEBF86D2B47B7B000AE88AB /* AppDelegate.swift */ = {isa = PBXFileReference; lastKnownFileType = sourcecode.swift; path = AppDelegate.swift; sourceTree = "<group>"; };
		0BEBF86F2B47B7B000AE88AB /* SceneDelegate.swift */ = {isa = PBXFileReference; lastKnownFileType = sourcecode.swift; path = SceneDelegate.swift; sourceTree = "<group>"; };
		0BEBF8712B47B7B000AE88AB /* ViewController.swift */ = {isa = PBXFileReference; lastKnownFileType = sourcecode.swift; path = ViewController.swift; sourceTree = "<group>"; };
		0BEBF8742B47B7B000AE88AB /* Base */ = {isa = PBXFileReference; lastKnownFileType = file.storyboard; name = Base; path = Base.lproj/Main.storyboard; sourceTree = "<group>"; };
		0BEBF8762B47B7B100AE88AB /* Assets.xcassets */ = {isa = PBXFileReference; lastKnownFileType = folder.assetcatalog; path = Assets.xcassets; sourceTree = "<group>"; };
		0BEBF8792B47B7B100AE88AB /* Base */ = {isa = PBXFileReference; lastKnownFileType = file.storyboard; name = Base; path = Base.lproj/LaunchScreen.storyboard; sourceTree = "<group>"; };
		0BEBF87B2B47B7B100AE88AB /* Info.plist */ = {isa = PBXFileReference; lastKnownFileType = text.plist.xml; path = Info.plist; sourceTree = "<group>"; };
		0BEBF8832B47CA8500AE88AB /* TestTableTableViewController.swift */ = {isa = PBXFileReference; lastKnownFileType = sourcecode.swift; path = TestTableTableViewController.swift; sourceTree = "<group>"; };
		0BEBF8852B47CD2C00AE88AB /* TableCellViewControllerTableViewCell.swift */ = {isa = PBXFileReference; lastKnownFileType = sourcecode.swift; path = TableCellViewControllerTableViewCell.swift; sourceTree = "<group>"; };
		0BEBF8872B47CE4A00AE88AB /* TodoTableTableViewController.swift */ = {isa = PBXFileReference; lastKnownFileType = sourcecode.swift; path = TodoTableTableViewController.swift; sourceTree = "<group>"; };
		0BEBF8892B47CE6300AE88AB /* TodoTableViewCell.swift */ = {isa = PBXFileReference; lastKnownFileType = sourcecode.swift; path = TodoTableViewCell.swift; sourceTree = "<group>"; };
		0BEBF88E2B4919D600AE88AB /* Case1TableViewController.swift */ = {isa = PBXFileReference; lastKnownFileType = sourcecode.swift; path = Case1TableViewController.swift; sourceTree = "<group>"; };
		0BEBF8912B49375200AE88AB /* Case1SwiftUI.swift */ = {isa = PBXFileReference; lastKnownFileType = sourcecode.swift; path = Case1SwiftUI.swift; sourceTree = "<group>"; };
		0BEBF8942B493DF700AE88AB /* Case2TableViewController.swift */ = {isa = PBXFileReference; lastKnownFileType = sourcecode.swift; path = Case2TableViewController.swift; sourceTree = "<group>"; };
		0BEBF8962B493E7700AE88AB /* Case2TableViewCell.swift */ = {isa = PBXFileReference; lastKnownFileType = sourcecode.swift; path = Case2TableViewCell.swift; sourceTree = "<group>"; };
		0BEBF8992B4AB4F800AE88AB /* Case3TableViewController.swift */ = {isa = PBXFileReference; lastKnownFileType = sourcecode.swift; path = Case3TableViewController.swift; sourceTree = "<group>"; };
		0BEBF89B2B4AC2CA00AE88AB /* Case3TableViewCell.swift */ = {isa = PBXFileReference; lastKnownFileType = sourcecode.swift; path = Case3TableViewCell.swift; sourceTree = "<group>"; };
		0BEBF89D2B4ACC8000AE88AB /* Case3SwiftUI.swift */ = {isa = PBXFileReference; lastKnownFileType = sourcecode.swift; path = Case3SwiftUI.swift; sourceTree = "<group>"; };
		0BEBF89F2B4AD24400AE88AB /* Case2SwiftUI.swift */ = {isa = PBXFileReference; lastKnownFileType = sourcecode.swift; path = Case2SwiftUI.swift; sourceTree = "<group>"; };
		0BEBF8A72B4AD6A500AE88AB /* P1TableViewController.swift */ = {isa = PBXFileReference; lastKnownFileType = sourcecode.swift; path = P1TableViewController.swift; sourceTree = "<group>"; };
		0BEBF8A92B4AD79F00AE88AB /* P1TableViewCell.swift */ = {isa = PBXFileReference; lastKnownFileType = sourcecode.swift; path = P1TableViewCell.swift; sourceTree = "<group>"; };
		0BEBF8AB2B4AD8D500AE88AB /* P2TableViewCell.swift */ = {isa = PBXFileReference; lastKnownFileType = sourcecode.swift; path = P2TableViewCell.swift; sourceTree = "<group>"; };
		0BEBF8AD2B4AD8E200AE88AB /* P2TableViewController.swift */ = {isa = PBXFileReference; lastKnownFileType = sourcecode.swift; path = P2TableViewController.swift; sourceTree = "<group>"; };
		0BEBF8AF2B4ADA5500AE88AB /* P3TableViewController.swift */ = {isa = PBXFileReference; lastKnownFileType = sourcecode.swift; path = P3TableViewController.swift; sourceTree = "<group>"; };
		0BEBF8B12B4ADA5E00AE88AB /* P3TableViewCell.swift */ = {isa = PBXFileReference; lastKnownFileType = sourcecode.swift; path = P3TableViewCell.swift; sourceTree = "<group>"; };
		0BF34FF42B500BDD00C131FA /* DetailView.storyboard */ = {isa = PBXFileReference; lastKnownFileType = file.storyboard; path = DetailView.storyboard; sourceTree = "<group>"; };
		0BF34FF62B500BF700C131FA /* DetailViewController.swift */ = {isa = PBXFileReference; lastKnownFileType = sourcecode.swift; path = DetailViewController.swift; sourceTree = "<group>"; };
		0BF34FFB2B500DE100C131FA /* DetailTableViewCell.swift */ = {isa = PBXFileReference; lastKnownFileType = sourcecode.swift; path = DetailTableViewCell.swift; sourceTree = "<group>"; };
		0BF34FFC2B500DE100C131FA /* DetailTableViewCell.xib */ = {isa = PBXFileReference; lastKnownFileType = file.xib; path = DetailTableViewCell.xib; sourceTree = "<group>"; };
		0BF34FFF2B50114000C131FA /* AdsTableViewCell.swift */ = {isa = PBXFileReference; lastKnownFileType = sourcecode.swift; path = AdsTableViewCell.swift; sourceTree = "<group>"; };
		0BF350002B50114000C131FA /* AdsTableViewCell.xib */ = {isa = PBXFileReference; lastKnownFileType = file.xib; path = AdsTableViewCell.xib; sourceTree = "<group>"; };
		0BF350042B50381F00C131FA /* AdsSelectViewController.swift */ = {isa = PBXFileReference; lastKnownFileType = sourcecode.swift; path = AdsSelectViewController.swift; sourceTree = "<group>"; };
		0BF350062B50382800C131FA /* DetailSelectViewController.swift */ = {isa = PBXFileReference; lastKnownFileType = sourcecode.swift; path = DetailSelectViewController.swift; sourceTree = "<group>"; };
/* End PBXFileReference section */

/* Begin PBXFrameworksBuildPhase section */
		0BEBF8672B47B7B000AE88AB /* Frameworks */ = {
			isa = PBXFrameworksBuildPhase;
			buildActionMask = 2147483647;
			files = (
				0B8CF8D52B4BD22800460ED6 /* Kingfisher in Frameworks */,
			);
			runOnlyForDeploymentPostprocessing = 0;
		};
/* End PBXFrameworksBuildPhase section */

/* Begin PBXGroup section */
		0B5FF98C2B55132E00A9044D /* Daily 15 */ = {
			isa = PBXGroup;
			children = (
				0B5FF9972B55590800A9044D /* 11-plus */,
				0B5FF9942B5513B900A9044D /* Extension */,
				0B5FF98D2B55133B00A9044D /* 10-plus */,
			);
			path = "Daily 15";
			sourceTree = "<group>";
		};
		0B5FF98D2B55133B00A9044D /* 10-plus */ = {
			isa = PBXGroup;
			children = (
				0B5FF98E2B55134400A9044D /* TraveWebView */,
			);
			path = "10-plus";
			sourceTree = "<group>";
		};
		0B5FF98E2B55134400A9044D /* TraveWebView */ = {
			isa = PBXGroup;
			children = (
				0B5FF98F2B55136F00A9044D /* TravelWebViewController.swift */,
				0B5FF9912B55137B00A9044D /* TravelWebViewController.storyboard */,
			);
			path = TraveWebView;
			sourceTree = "<group>";
		};
		0B5FF9942B5513B900A9044D /* Extension */ = {
			isa = PBXGroup;
			children = (
				0B5FF9952B55141400A9044D /* UIViewController+Extension.swift */,
			);
			path = Extension;
			sourceTree = "<group>";
		};
		0B5FF9972B55590800A9044D /* 11-plus */ = {
			isa = PBXGroup;
			children = (
			);
			path = "11-plus";
			sourceTree = "<group>";
		};
		0B8CF8D62B4C0D3800460ED6 /* Daily 10 */ = {
			isa = PBXGroup;
			children = (
				0B8CF8D72B4C0D4500460ED6 /* Travel */,
			);
			path = "Daily 10";
			sourceTree = "<group>";
		};
		0B8CF8D72B4C0D4500460ED6 /* Travel */ = {
			isa = PBXGroup;
			children = (
				0B8CF96B2B4FE94600460ED6 /* TravelModel.swift */,
				0B8CF8DA2B4C0D9E00460ED6 /* MagazineInfo.swift */,
				0B8CF8D82B4C0D5700460ED6 /* TravelTableViewController.swift */,
				0B8CF8DD2B4C0F0C00460ED6 /* TravelTableViewCell.swift */,
				0B8CF8DF2B4C17B200460ED6 /* TravelSwiftUI.swift */,
			);
			path = Travel;
			sourceTree = "<group>";
		};
		0B8CF8F02B4D0CC100460ED6 /* Collection */ = {
			isa = PBXGroup;
			children = (
				0B8CF8F12B4D0CC700460ED6 /* 1 */,
			);
			path = Collection;
			sourceTree = "<group>";
		};
		0B8CF8F12B4D0CC700460ED6 /* 1 */ = {
			isa = PBXGroup;
			children = (
				0B8CF8F22B4D0CDC00460ED6 /* P1CollectionViewController.swift */,
				0B8CF8F62B4D101D00460ED6 /* P1CollectionViewCell.swift */,
				0B8CF8F72B4D101D00460ED6 /* P1CollectionViewCell.xib */,
				0B8CF90F2B4E20C800460ED6 /* Food.storyboard */,
			);
			path = 1;
			sourceTree = "<group>";
		};
		0B8CF8FA2B4D687000460ED6 /* Daily 11 */ = {
			isa = PBXGroup;
			children = (
				0B8CF90D2B4D857200460ED6 /* Daily11SwiftUI.swift */,
				0B8CF8FF2B4D68E000460ED6 /* CityInfo.swift */,
				0B8CF8FE2B4D688B00460ED6 /* 3 */,
				0B8CF8FD2B4D688800460ED6 /* 2 */,
				0B8CF8FC2B4D688600460ED6 /* 1 */,
			);
			path = "Daily 11";
			sourceTree = "<group>";
		};
		0B8CF8FC2B4D688600460ED6 /* 1 */ = {
			isa = PBXGroup;
			children = (
				0B8CF9012B4D695B00460ED6 /* Daily11P1CollectionViewController.swift */,
				0B8CF9032B4D6A7D00460ED6 /* Daily11P1CollectionViewCell.swift */,
			);
			path = 1;
			sourceTree = "<group>";
		};
		0B8CF8FD2B4D688800460ED6 /* 2 */ = {
			isa = PBXGroup;
			children = (
				0B8CF9052B4D71AE00460ED6 /* Daily11P2CollectionViewController.swift */,
				0B8CF9072B4D722600460ED6 /* DailyP2CollectionViewCell.swift */,
				0B8CF9082B4D722600460ED6 /* DailyP2CollectionViewCell.xib */,
			);
			path = 2;
			sourceTree = "<group>";
		};
		0B8CF8FE2B4D688B00460ED6 /* 3 */ = {
			isa = PBXGroup;
			children = (
				0BF34FF82B500D2300C131FA /* Cells */,
				0B8CF90B2B4D7BBD00460ED6 /* Daily11P3ViewController.swift */,
				0BF34FF42B500BDD00C131FA /* DetailView.storyboard */,
				0BF34FF62B500BF700C131FA /* DetailViewController.swift */,
			);
			path = 3;
			sourceTree = "<group>";
		};
		0B8CF9132B4E28B200460ED6 /* Extension */ = {
			isa = PBXGroup;
			children = (
				0B8CF9142B4E28EC00460ED6 /* UIViewController+Exteionsion.swift */,
				0B8CF9162B4E290900460ED6 /* UILabel+Extension.swift */,
				0B8CF9182B4E292D00460ED6 /* UIImageView+Extension.swift */,
			);
			path = Extension;
			sourceTree = "<group>";
		};
		0B8CF91A2B4E5F3300460ED6 /* Protocol */ = {
			isa = PBXGroup;
			children = (
				0B8CF91B2B4E5F4900460ED6 /* Protocol.storyboard */,
				0B8CF91D2B4E607A00460ED6 /* TranslateViewController.swift */,
				0B8CF91F2B4E68E600460ED6 /* ProtocolExample.swift */,
				0B8CF9212B4E69F900460ED6 /* LottoViewController.swift */,
			);
			path = Protocol;
			sourceTree = "<group>";
		};
		0BEBF8612B47B7B000AE88AB = {
			isa = PBXGroup;
			children = (
				0BEBF86C2B47B7B000AE88AB /* SeSAC Week 3 */,
				0BEBF86B2B47B7B000AE88AB /* Products */,
			);
			sourceTree = "<group>";
		};
		0BEBF86B2B47B7B000AE88AB /* Products */ = {
			isa = PBXGroup;
			children = (
				0BEBF86A2B47B7B000AE88AB /* SeSAC Week 3.app */,
			);
			name = Products;
			sourceTree = "<group>";
		};
		0BEBF86C2B47B7B000AE88AB /* SeSAC Week 3 */ = {
			isa = PBXGroup;
			children = (
				0B5FF98C2B55132E00A9044D /* Daily 15 */,
				0B8CF91A2B4E5F3300460ED6 /* Protocol */,
				0B8CF9132B4E28B200460ED6 /* Extension */,
				0B8CF8FA2B4D687000460ED6 /* Daily 11 */,
				0B8CF8D62B4C0D3800460ED6 /* Daily 10 */,
				0BEBF8A12B4AD66000AE88AB /* Practice */,
				0BEBF88D2B4919AE00AE88AB /* daily 9 */,
				0BEBF88B2B47CE6700AE88AB /* Todo */,
				0BEBF88C2B47CE8200AE88AB /* TestTableView */,
				0BEBF86D2B47B7B000AE88AB /* AppDelegate.swift */,
				0BEBF86F2B47B7B000AE88AB /* SceneDelegate.swift */,
				0BEBF8712B47B7B000AE88AB /* ViewController.swift */,
				0BEBF8732B47B7B000AE88AB /* Main.storyboard */,
				0BEBF8762B47B7B100AE88AB /* Assets.xcassets */,
				0BEBF8782B47B7B100AE88AB /* LaunchScreen.storyboard */,
				0BEBF87B2B47B7B100AE88AB /* Info.plist */,
			);
			path = "SeSAC Week 3";
			sourceTree = "<group>";
		};
		0BEBF88B2B47CE6700AE88AB /* Todo */ = {
			isa = PBXGroup;
			children = (
				0BEBF8892B47CE6300AE88AB /* TodoTableViewCell.swift */,
				0BEBF8872B47CE4A00AE88AB /* TodoTableTableViewController.swift */,
			);
			path = Todo;
			sourceTree = "<group>";
		};
		0BEBF88C2B47CE8200AE88AB /* TestTableView */ = {
			isa = PBXGroup;
			children = (
				0BEBF8852B47CD2C00AE88AB /* TableCellViewControllerTableViewCell.swift */,
				0BEBF8832B47CA8500AE88AB /* TestTableTableViewController.swift */,
			);
			path = TestTableView;
			sourceTree = "<group>";
		};
		0BEBF88D2B4919AE00AE88AB /* daily 9 */ = {
			isa = PBXGroup;
			children = (
				0BEBF8982B4AB4E100AE88AB /* Case3 */,
				0BEBF8932B493D2100AE88AB /* Case2 */,
				0BEBF8902B49373E00AE88AB /* Case1 */,
			);
			path = "daily 9";
			sourceTree = "<group>";
		};
		0BEBF8902B49373E00AE88AB /* Case1 */ = {
			isa = PBXGroup;
			children = (
				0BEBF88E2B4919D600AE88AB /* Case1TableViewController.swift */,
				0BEBF8912B49375200AE88AB /* Case1SwiftUI.swift */,
			);
			path = Case1;
			sourceTree = "<group>";
		};
		0BEBF8932B493D2100AE88AB /* Case2 */ = {
			isa = PBXGroup;
			children = (
				0BEBF8942B493DF700AE88AB /* Case2TableViewController.swift */,
				0BEBF8962B493E7700AE88AB /* Case2TableViewCell.swift */,
				0BEBF89F2B4AD24400AE88AB /* Case2SwiftUI.swift */,
			);
			path = Case2;
			sourceTree = "<group>";
		};
		0BEBF8982B4AB4E100AE88AB /* Case3 */ = {
			isa = PBXGroup;
			children = (
				0BEBF8992B4AB4F800AE88AB /* Case3TableViewController.swift */,
				0BEBF89B2B4AC2CA00AE88AB /* Case3TableViewCell.swift */,
				0BEBF89D2B4ACC8000AE88AB /* Case3SwiftUI.swift */,
			);
			path = Case3;
			sourceTree = "<group>";
		};
		0BEBF8A12B4AD66000AE88AB /* Practice */ = {
			isa = PBXGroup;
			children = (
				0B8CF8F02B4D0CC100460ED6 /* Collection */,
				0BEBF8A62B4AD67300AE88AB /* 5 */,
				0BEBF8A52B4AD67000AE88AB /* 4 */,
				0BEBF8A42B4AD66E00AE88AB /* 3 */,
				0BEBF8A32B4AD66B00AE88AB /* 2 */,
				0BEBF8A22B4AD66700AE88AB /* 1 */,
			);
			path = Practice;
			sourceTree = "<group>";
		};
		0BEBF8A22B4AD66700AE88AB /* 1 */ = {
			isa = PBXGroup;
			children = (
				0BEBF8A72B4AD6A500AE88AB /* P1TableViewController.swift */,
				0BEBF8A92B4AD79F00AE88AB /* P1TableViewCell.swift */,
			);
			path = 1;
			sourceTree = "<group>";
		};
		0BEBF8A32B4AD66B00AE88AB /* 2 */ = {
			isa = PBXGroup;
			children = (
				0BEBF8AB2B4AD8D500AE88AB /* P2TableViewCell.swift */,
				0BEBF8AD2B4AD8E200AE88AB /* P2TableViewController.swift */,
			);
			path = 2;
			sourceTree = "<group>";
		};
		0BEBF8A42B4AD66E00AE88AB /* 3 */ = {
			isa = PBXGroup;
			children = (
				0BEBF8AF2B4ADA5500AE88AB /* P3TableViewController.swift */,
				0BEBF8B12B4ADA5E00AE88AB /* P3TableViewCell.swift */,
			);
			path = 3;
			sourceTree = "<group>";
		};
		0BEBF8A52B4AD67000AE88AB /* 4 */ = {
			isa = PBXGroup;
			children = (
				0B8CF8E32B4CDADF00460ED6 /* SettingTableViewController.swift */,
				0B8CF8E72B4CDB4500460ED6 /* SettingTableViewCell.swift */,
				0B8CF8E82B4CDB4500460ED6 /* SettingTableViewCell.xib */,
			);
			path = 4;
			sourceTree = "<group>";
		};
		0BEBF8A62B4AD67300AE88AB /* 5 */ = {
			isa = PBXGroup;
			children = (
				0B8CF9112B4E219100460ED6 /* Setting.storyboard */,
			);
			path = 5;
			sourceTree = "<group>";
		};
		0BF34FF82B500D2300C131FA /* Cells */ = {
			isa = PBXGroup;
			children = (
				0BF34FFA2B500D2A00C131FA /* AdsCell */,
				0BF34FF92B500D2500C131FA /* DetailCell */,
			);
			path = Cells;
			sourceTree = "<group>";
		};
		0BF34FF92B500D2500C131FA /* DetailCell */ = {
			isa = PBXGroup;
			children = (
				0BF34FFB2B500DE100C131FA /* DetailTableViewCell.swift */,
				0BF34FFC2B500DE100C131FA /* DetailTableViewCell.xib */,
				0BF350062B50382800C131FA /* DetailSelectViewController.swift */,
			);
			path = DetailCell;
			sourceTree = "<group>";
		};
		0BF34FFA2B500D2A00C131FA /* AdsCell */ = {
			isa = PBXGroup;
			children = (
				0BF34FFF2B50114000C131FA /* AdsTableViewCell.swift */,
				0BF350002B50114000C131FA /* AdsTableViewCell.xib */,
				0BF350042B50381F00C131FA /* AdsSelectViewController.swift */,
			);
			path = AdsCell;
			sourceTree = "<group>";
		};
/* End PBXGroup section */

/* Begin PBXNativeTarget section */
		0BEBF8692B47B7B000AE88AB /* SeSAC Week 3 */ = {
			isa = PBXNativeTarget;
			buildConfigurationList = 0BEBF87E2B47B7B100AE88AB /* Build configuration list for PBXNativeTarget "SeSAC Week 3" */;
			buildPhases = (
				0BEBF8662B47B7B000AE88AB /* Sources */,
				0BEBF8672B47B7B000AE88AB /* Frameworks */,
				0BEBF8682B47B7B000AE88AB /* Resources */,
			);
			buildRules = (
			);
			dependencies = (
			);
			name = "SeSAC Week 3";
			packageProductDependencies = (
				0B8CF8D42B4BD22800460ED6 /* Kingfisher */,
			);
			productName = "SeSAC Week 3";
			productReference = 0BEBF86A2B47B7B000AE88AB /* SeSAC Week 3.app */;
			productType = "com.apple.product-type.application";
		};
/* End PBXNativeTarget section */

/* Begin PBXProject section */
		0BEBF8622B47B7B000AE88AB /* Project object */ = {
			isa = PBXProject;
			attributes = {
				BuildIndependentTargetsInParallel = 1;
				LastSwiftUpdateCheck = 1510;
				LastUpgradeCheck = 1510;
				TargetAttributes = {
					0BEBF8692B47B7B000AE88AB = {
						CreatedOnToolsVersion = 15.1;
					};
				};
			};
			buildConfigurationList = 0BEBF8652B47B7B000AE88AB /* Build configuration list for PBXProject "SeSAC Week 3" */;
			compatibilityVersion = "Xcode 14.0";
			developmentRegion = en;
			hasScannedForEncodings = 0;
			knownRegions = (
				en,
				Base,
			);
			mainGroup = 0BEBF8612B47B7B000AE88AB;
			packageReferences = (
				0B8CF8D32B4BD22800460ED6 /* XCRemoteSwiftPackageReference "Kingfisher" */,
			);
			productRefGroup = 0BEBF86B2B47B7B000AE88AB /* Products */;
			projectDirPath = "";
			projectRoot = "";
			targets = (
				0BEBF8692B47B7B000AE88AB /* SeSAC Week 3 */,
			);
		};
/* End PBXProject section */

/* Begin PBXResourcesBuildPhase section */
		0BEBF8682B47B7B000AE88AB /* Resources */ = {
			isa = PBXResourcesBuildPhase;
			buildActionMask = 2147483647;
			files = (
				0B8CF90A2B4D722600460ED6 /* DailyP2CollectionViewCell.xib in Resources */,
				0B8CF9102B4E20C800460ED6 /* Food.storyboard in Resources */,
				0BEBF87A2B47B7B100AE88AB /* LaunchScreen.storyboard in Resources */,
				0B8CF8F92B4D101D00460ED6 /* P1CollectionViewCell.xib in Resources */,
				0BF350022B50114000C131FA /* AdsTableViewCell.xib in Resources */,
				0BEBF8772B47B7B100AE88AB /* Assets.xcassets in Resources */,
				0B8CF8EA2B4CDB4500460ED6 /* SettingTableViewCell.xib in Resources */,
				0BF34FFE2B500DE100C131FA /* DetailTableViewCell.xib in Resources */,
				0B8CF91C2B4E5F4900460ED6 /* Protocol.storyboard in Resources */,
				0BEBF8752B47B7B000AE88AB /* Main.storyboard in Resources */,
				0BF34FF52B500BDD00C131FA /* DetailView.storyboard in Resources */,
				0B5FF9922B55137B00A9044D /* TravelWebViewController.storyboard in Resources */,
				0B8CF9122B4E219100460ED6 /* Setting.storyboard in Resources */,
			);
			runOnlyForDeploymentPostprocessing = 0;
		};
/* End PBXResourcesBuildPhase section */

/* Begin PBXSourcesBuildPhase section */
		0BEBF8662B47B7B000AE88AB /* Sources */ = {
			isa = PBXSourcesBuildPhase;
			buildActionMask = 2147483647;
			files = (
				0BEBF8972B493E7700AE88AB /* Case2TableViewCell.swift in Sources */,
				0BEBF88A2B47CE6300AE88AB /* TodoTableViewCell.swift in Sources */,
				0B8CF8E92B4CDB4500460ED6 /* SettingTableViewCell.swift in Sources */,
				0B8CF9222B4E69F900460ED6 /* LottoViewController.swift in Sources */,
				0BEBF8882B47CE4A00AE88AB /* TodoTableTableViewController.swift in Sources */,
				0B8CF9202B4E68E600460ED6 /* ProtocolExample.swift in Sources */,
				0BEBF8B22B4ADA5E00AE88AB /* P3TableViewCell.swift in Sources */,
				0BEBF89C2B4AC2CA00AE88AB /* Case3TableViewCell.swift in Sources */,
				0BEBF8842B47CA8500AE88AB /* TestTableTableViewController.swift in Sources */,
				0BEBF89E2B4ACC8000AE88AB /* Case3SwiftUI.swift in Sources */,
				0BF350072B50382800C131FA /* DetailSelectViewController.swift in Sources */,
				0B8CF9172B4E290900460ED6 /* UILabel+Extension.swift in Sources */,
				0BF34FF72B500BF700C131FA /* DetailViewController.swift in Sources */,
				0BEBF8722B47B7B000AE88AB /* ViewController.swift in Sources */,
				0BEBF8862B47CD2C00AE88AB /* TableCellViewControllerTableViewCell.swift in Sources */,
				0BEBF8B02B4ADA5500AE88AB /* P3TableViewController.swift in Sources */,
				0B8CF9042B4D6A7D00460ED6 /* Daily11P1CollectionViewCell.swift in Sources */,
				0B5FF9902B55136F00A9044D /* TravelWebViewController.swift in Sources */,
				0BEBF8AA2B4AD79F00AE88AB /* P1TableViewCell.swift in Sources */,
				0BEBF88F2B4919D600AE88AB /* Case1TableViewController.swift in Sources */,
				0BF34FFD2B500DE100C131FA /* DetailTableViewCell.swift in Sources */,
				0B8CF9192B4E292D00460ED6 /* UIImageView+Extension.swift in Sources */,
				0BEBF8A02B4AD24400AE88AB /* Case2SwiftUI.swift in Sources */,
				0B8CF8DE2B4C0F0C00460ED6 /* TravelTableViewCell.swift in Sources */,
				0B8CF96C2B4FE94600460ED6 /* TravelModel.swift in Sources */,
				0B8CF9022B4D695B00460ED6 /* Daily11P1CollectionViewController.swift in Sources */,
				0B8CF8D92B4C0D5700460ED6 /* TravelTableViewController.swift in Sources */,
				0B8CF8E52B4CDADF00460ED6 /* SettingTableViewController.swift in Sources */,
				0B8CF91E2B4E607A00460ED6 /* TranslateViewController.swift in Sources */,
				0B8CF8DB2B4C0D9E00460ED6 /* MagazineInfo.swift in Sources */,
				0BEBF8AE2B4AD8E200AE88AB /* P2TableViewController.swift in Sources */,
				0BEBF86E2B47B7B000AE88AB /* AppDelegate.swift in Sources */,
				0B8CF8E02B4C17B200460ED6 /* TravelSwiftUI.swift in Sources */,
				0B8CF90E2B4D857200460ED6 /* Daily11SwiftUI.swift in Sources */,
				0B8CF9152B4E28EC00460ED6 /* UIViewController+Exteionsion.swift in Sources */,
				0BEBF8702B47B7B000AE88AB /* SceneDelegate.swift in Sources */,
				0BF350052B50381F00C131FA /* AdsSelectViewController.swift in Sources */,
				0B8CF9092B4D722600460ED6 /* DailyP2CollectionViewCell.swift in Sources */,
				0B5FF9962B55141400A9044D /* UIViewController+Extension.swift in Sources */,
				0B8CF9002B4D68E000460ED6 /* CityInfo.swift in Sources */,
				0BEBF8952B493DF700AE88AB /* Case2TableViewController.swift in Sources */,
				0BEBF8922B49375200AE88AB /* Case1SwiftUI.swift in Sources */,
				0B8CF90C2B4D7BBD00460ED6 /* Daily11P3ViewController.swift in Sources */,
				0B8CF8F82B4D101D00460ED6 /* P1CollectionViewCell.swift in Sources */,
				0BF350012B50114000C131FA /* AdsTableViewCell.swift in Sources */,
				0BEBF8A82B4AD6A500AE88AB /* P1TableViewController.swift in Sources */,
				0BEBF89A2B4AB4F900AE88AB /* Case3TableViewController.swift in Sources */,
				0B8CF8F32B4D0CDC00460ED6 /* P1CollectionViewController.swift in Sources */,
				0B8CF9062B4D71AE00460ED6 /* Daily11P2CollectionViewController.swift in Sources */,
				0BEBF8AC2B4AD8D500AE88AB /* P2TableViewCell.swift in Sources */,
			);
			runOnlyForDeploymentPostprocessing = 0;
		};
/* End PBXSourcesBuildPhase section */

/* Begin PBXVariantGroup section */
		0BEBF8732B47B7B000AE88AB /* Main.storyboard */ = {
			isa = PBXVariantGroup;
			children = (
				0BEBF8742B47B7B000AE88AB /* Base */,
			);
			name = Main.storyboard;
			sourceTree = "<group>";
		};
		0BEBF8782B47B7B100AE88AB /* LaunchScreen.storyboard */ = {
			isa = PBXVariantGroup;
			children = (
				0BEBF8792B47B7B100AE88AB /* Base */,
			);
			name = LaunchScreen.storyboard;
			sourceTree = "<group>";
		};
/* End PBXVariantGroup section */

/* Begin XCBuildConfiguration section */
		0BEBF87C2B47B7B100AE88AB /* Debug */ = {
			isa = XCBuildConfiguration;
			buildSettings = {
				ALWAYS_SEARCH_USER_PATHS = NO;
				ASSETCATALOG_COMPILER_GENERATE_SWIFT_ASSET_SYMBOL_EXTENSIONS = YES;
				CLANG_ANALYZER_NONNULL = YES;
				CLANG_ANALYZER_NUMBER_OBJECT_CONVERSION = YES_AGGRESSIVE;
				CLANG_CXX_LANGUAGE_STANDARD = "gnu++20";
				CLANG_ENABLE_MODULES = YES;
				CLANG_ENABLE_OBJC_ARC = YES;
				CLANG_ENABLE_OBJC_WEAK = YES;
				CLANG_WARN_BLOCK_CAPTURE_AUTORELEASING = YES;
				CLANG_WARN_BOOL_CONVERSION = YES;
				CLANG_WARN_COMMA = YES;
				CLANG_WARN_CONSTANT_CONVERSION = YES;
				CLANG_WARN_DEPRECATED_OBJC_IMPLEMENTATIONS = YES;
				CLANG_WARN_DIRECT_OBJC_ISA_USAGE = YES_ERROR;
				CLANG_WARN_DOCUMENTATION_COMMENTS = YES;
				CLANG_WARN_EMPTY_BODY = YES;
				CLANG_WARN_ENUM_CONVERSION = YES;
				CLANG_WARN_INFINITE_RECURSION = YES;
				CLANG_WARN_INT_CONVERSION = YES;
				CLANG_WARN_NON_LITERAL_NULL_CONVERSION = YES;
				CLANG_WARN_OBJC_IMPLICIT_RETAIN_SELF = YES;
				CLANG_WARN_OBJC_LITERAL_CONVERSION = YES;
				CLANG_WARN_OBJC_ROOT_CLASS = YES_ERROR;
				CLANG_WARN_QUOTED_INCLUDE_IN_FRAMEWORK_HEADER = YES;
				CLANG_WARN_RANGE_LOOP_ANALYSIS = YES;
				CLANG_WARN_STRICT_PROTOTYPES = YES;
				CLANG_WARN_SUSPICIOUS_MOVE = YES;
				CLANG_WARN_UNGUARDED_AVAILABILITY = YES_AGGRESSIVE;
				CLANG_WARN_UNREACHABLE_CODE = YES;
				CLANG_WARN__DUPLICATE_METHOD_MATCH = YES;
				COPY_PHASE_STRIP = NO;
				DEBUG_INFORMATION_FORMAT = dwarf;
				ENABLE_STRICT_OBJC_MSGSEND = YES;
				ENABLE_TESTABILITY = YES;
				ENABLE_USER_SCRIPT_SANDBOXING = YES;
				GCC_C_LANGUAGE_STANDARD = gnu17;
				GCC_DYNAMIC_NO_PIC = NO;
				GCC_NO_COMMON_BLOCKS = YES;
				GCC_OPTIMIZATION_LEVEL = 0;
				GCC_PREPROCESSOR_DEFINITIONS = (
					"DEBUG=1",
					"$(inherited)",
				);
				GCC_WARN_64_TO_32_BIT_CONVERSION = YES;
				GCC_WARN_ABOUT_RETURN_TYPE = YES_ERROR;
				GCC_WARN_UNDECLARED_SELECTOR = YES;
				GCC_WARN_UNINITIALIZED_AUTOS = YES_AGGRESSIVE;
				GCC_WARN_UNUSED_FUNCTION = YES;
				GCC_WARN_UNUSED_VARIABLE = YES;
				IPHONEOS_DEPLOYMENT_TARGET = 17.2;
				LOCALIZATION_PREFERS_STRING_CATALOGS = YES;
				MTL_ENABLE_DEBUG_INFO = INCLUDE_SOURCE;
				MTL_FAST_MATH = YES;
				ONLY_ACTIVE_ARCH = YES;
				SDKROOT = iphoneos;
				SWIFT_ACTIVE_COMPILATION_CONDITIONS = "DEBUG $(inherited)";
				SWIFT_OPTIMIZATION_LEVEL = "-Onone";
			};
			name = Debug;
		};
		0BEBF87D2B47B7B100AE88AB /* Release */ = {
			isa = XCBuildConfiguration;
			buildSettings = {
				ALWAYS_SEARCH_USER_PATHS = NO;
				ASSETCATALOG_COMPILER_GENERATE_SWIFT_ASSET_SYMBOL_EXTENSIONS = YES;
				CLANG_ANALYZER_NONNULL = YES;
				CLANG_ANALYZER_NUMBER_OBJECT_CONVERSION = YES_AGGRESSIVE;
				CLANG_CXX_LANGUAGE_STANDARD = "gnu++20";
				CLANG_ENABLE_MODULES = YES;
				CLANG_ENABLE_OBJC_ARC = YES;
				CLANG_ENABLE_OBJC_WEAK = YES;
				CLANG_WARN_BLOCK_CAPTURE_AUTORELEASING = YES;
				CLANG_WARN_BOOL_CONVERSION = YES;
				CLANG_WARN_COMMA = YES;
				CLANG_WARN_CONSTANT_CONVERSION = YES;
				CLANG_WARN_DEPRECATED_OBJC_IMPLEMENTATIONS = YES;
				CLANG_WARN_DIRECT_OBJC_ISA_USAGE = YES_ERROR;
				CLANG_WARN_DOCUMENTATION_COMMENTS = YES;
				CLANG_WARN_EMPTY_BODY = YES;
				CLANG_WARN_ENUM_CONVERSION = YES;
				CLANG_WARN_INFINITE_RECURSION = YES;
				CLANG_WARN_INT_CONVERSION = YES;
				CLANG_WARN_NON_LITERAL_NULL_CONVERSION = YES;
				CLANG_WARN_OBJC_IMPLICIT_RETAIN_SELF = YES;
				CLANG_WARN_OBJC_LITERAL_CONVERSION = YES;
				CLANG_WARN_OBJC_ROOT_CLASS = YES_ERROR;
				CLANG_WARN_QUOTED_INCLUDE_IN_FRAMEWORK_HEADER = YES;
				CLANG_WARN_RANGE_LOOP_ANALYSIS = YES;
				CLANG_WARN_STRICT_PROTOTYPES = YES;
				CLANG_WARN_SUSPICIOUS_MOVE = YES;
				CLANG_WARN_UNGUARDED_AVAILABILITY = YES_AGGRESSIVE;
				CLANG_WARN_UNREACHABLE_CODE = YES;
				CLANG_WARN__DUPLICATE_METHOD_MATCH = YES;
				COPY_PHASE_STRIP = NO;
				DEBUG_INFORMATION_FORMAT = "dwarf-with-dsym";
				ENABLE_NS_ASSERTIONS = NO;
				ENABLE_STRICT_OBJC_MSGSEND = YES;
				ENABLE_USER_SCRIPT_SANDBOXING = YES;
				GCC_C_LANGUAGE_STANDARD = gnu17;
				GCC_NO_COMMON_BLOCKS = YES;
				GCC_WARN_64_TO_32_BIT_CONVERSION = YES;
				GCC_WARN_ABOUT_RETURN_TYPE = YES_ERROR;
				GCC_WARN_UNDECLARED_SELECTOR = YES;
				GCC_WARN_UNINITIALIZED_AUTOS = YES_AGGRESSIVE;
				GCC_WARN_UNUSED_FUNCTION = YES;
				GCC_WARN_UNUSED_VARIABLE = YES;
				IPHONEOS_DEPLOYMENT_TARGET = 17.2;
				LOCALIZATION_PREFERS_STRING_CATALOGS = YES;
				MTL_ENABLE_DEBUG_INFO = NO;
				MTL_FAST_MATH = YES;
				SDKROOT = iphoneos;
				SWIFT_COMPILATION_MODE = wholemodule;
				VALIDATE_PRODUCT = YES;
			};
			name = Release;
		};
		0BEBF87F2B47B7B100AE88AB /* Debug */ = {
			isa = XCBuildConfiguration;
			buildSettings = {
				ASSETCATALOG_COMPILER_APPICON_NAME = AppIcon;
				ASSETCATALOG_COMPILER_GLOBAL_ACCENT_COLOR_NAME = AccentColor;
				CODE_SIGN_STYLE = Automatic;
				CURRENT_PROJECT_VERSION = 1;
				DEVELOPMENT_TEAM = Y7F2ZW9QG3;
				GENERATE_INFOPLIST_FILE = YES;
				INFOPLIST_FILE = "SeSAC Week 3/Info.plist";
				INFOPLIST_KEY_UIApplicationSupportsIndirectInputEvents = YES;
				INFOPLIST_KEY_UILaunchStoryboardName = LaunchScreen;
				INFOPLIST_KEY_UIMainStoryboardFile = Main;
				INFOPLIST_KEY_UISupportedInterfaceOrientations_iPad = "UIInterfaceOrientationPortrait UIInterfaceOrientationPortraitUpsideDown UIInterfaceOrientationLandscapeLeft UIInterfaceOrientationLandscapeRight";
				INFOPLIST_KEY_UISupportedInterfaceOrientations_iPhone = "UIInterfaceOrientationPortrait UIInterfaceOrientationLandscapeLeft UIInterfaceOrientationLandscapeRight";
				IPHONEOS_DEPLOYMENT_TARGET = 17.0;
				LD_RUNPATH_SEARCH_PATHS = (
					"$(inherited)",
					"@executable_path/Frameworks",
				);
				MARKETING_VERSION = 1.0;
				PRODUCT_BUNDLE_IDENTIFIER = "Yoo.SeSAC-Week-3";
				PRODUCT_NAME = "$(TARGET_NAME)";
				SWIFT_EMIT_LOC_STRINGS = YES;
				SWIFT_VERSION = 5.0;
				TARGETED_DEVICE_FAMILY = "1,2";
			};
			name = Debug;
		};
		0BEBF8802B47B7B100AE88AB /* Release */ = {
			isa = XCBuildConfiguration;
			buildSettings = {
				ASSETCATALOG_COMPILER_APPICON_NAME = AppIcon;
				ASSETCATALOG_COMPILER_GLOBAL_ACCENT_COLOR_NAME = AccentColor;
				CODE_SIGN_STYLE = Automatic;
				CURRENT_PROJECT_VERSION = 1;
				DEVELOPMENT_TEAM = Y7F2ZW9QG3;
				GENERATE_INFOPLIST_FILE = YES;
				INFOPLIST_FILE = "SeSAC Week 3/Info.plist";
				INFOPLIST_KEY_UIApplicationSupportsIndirectInputEvents = YES;
				INFOPLIST_KEY_UILaunchStoryboardName = LaunchScreen;
				INFOPLIST_KEY_UIMainStoryboardFile = Main;
				INFOPLIST_KEY_UISupportedInterfaceOrientations_iPad = "UIInterfaceOrientationPortrait UIInterfaceOrientationPortraitUpsideDown UIInterfaceOrientationLandscapeLeft UIInterfaceOrientationLandscapeRight";
				INFOPLIST_KEY_UISupportedInterfaceOrientations_iPhone = "UIInterfaceOrientationPortrait UIInterfaceOrientationLandscapeLeft UIInterfaceOrientationLandscapeRight";
				IPHONEOS_DEPLOYMENT_TARGET = 17.0;
				LD_RUNPATH_SEARCH_PATHS = (
					"$(inherited)",
					"@executable_path/Frameworks",
				);
				MARKETING_VERSION = 1.0;
				PRODUCT_BUNDLE_IDENTIFIER = "Yoo.SeSAC-Week-3";
				PRODUCT_NAME = "$(TARGET_NAME)";
				SWIFT_EMIT_LOC_STRINGS = YES;
				SWIFT_VERSION = 5.0;
				TARGETED_DEVICE_FAMILY = "1,2";
			};
			name = Release;
		};
/* End XCBuildConfiguration section */

/* Begin XCConfigurationList section */
		0BEBF8652B47B7B000AE88AB /* Build configuration list for PBXProject "SeSAC Week 3" */ = {
			isa = XCConfigurationList;
			buildConfigurations = (
				0BEBF87C2B47B7B100AE88AB /* Debug */,
				0BEBF87D2B47B7B100AE88AB /* Release */,
			);
			defaultConfigurationIsVisible = 0;
			defaultConfigurationName = Release;
		};
		0BEBF87E2B47B7B100AE88AB /* Build configuration list for PBXNativeTarget "SeSAC Week 3" */ = {
			isa = XCConfigurationList;
			buildConfigurations = (
				0BEBF87F2B47B7B100AE88AB /* Debug */,
				0BEBF8802B47B7B100AE88AB /* Release */,
			);
			defaultConfigurationIsVisible = 0;
			defaultConfigurationName = Release;
		};
/* End XCConfigurationList section */

/* Begin XCRemoteSwiftPackageReference section */
		0B8CF8D32B4BD22800460ED6 /* XCRemoteSwiftPackageReference "Kingfisher" */ = {
			isa = XCRemoteSwiftPackageReference;
			repositoryURL = "https://github.com/onevcat/Kingfisher.git";
			requirement = {
				kind = upToNextMajorVersion;
				minimumVersion = 7.10.1;
			};
		};
/* End XCRemoteSwiftPackageReference section */

/* Begin XCSwiftPackageProductDependency section */
		0B8CF8D42B4BD22800460ED6 /* Kingfisher */ = {
			isa = XCSwiftPackageProductDependency;
			package = 0B8CF8D32B4BD22800460ED6 /* XCRemoteSwiftPackageReference "Kingfisher" */;
			productName = Kingfisher;
		};
/* End XCSwiftPackageProductDependency section */
	};
	rootObject = 0BEBF8622B47B7B000AE88AB /* Project object */;
}
